<Solution>
  <Configurations>
    <BuildType Name="Release" />
  </Configurations>
  <Project Path="ExecuteShell/ExecuteShell.csproj" />
  <Project Path="PvzLauncherRemake/PvzLauncherRemake.csproj">
    <BuildDependency Project="ExecuteShell/ExecuteShell.csproj" />
    <BuildDependency Project="UpdateService/UpdateService.csproj" />
  </Project>
  <Project Path="UpdateService/UpdateService.csproj" />
</Solution>
